{
  "name": "restrorent_app",
  "version": "1.0.0",
  "lockfileVersion": 3,
  "requires": true,
  "description": "A React application for a restaurant",
  "main": "index.js",
  "packages": {
    "": {
      "name": "restrorent_app",
      "version": "1.0.0",
      "license": "ISC"
    }
  },
  "browserslist": {
    "development": [
      "last 1 chrome version",
      "last 1 firefox version",
      "last 1 safari version"
    ],
    "production": [
      ">0.2%",
      "not dead",
      "not op_mini all"
    ]
  },
  "devDependencies": {},
  "scripts": {
    "build": "react-scripts build",
    "eject": "react-scripts eject",
    "start": "react-scripts start",
    "test": "react-scripts test"
  }
}
